
Microsoft Visual Studio Solution File, Format Version 12.00
# Visual Studio Version 17
VisualStudioVersion = 17.14.37216.2 d17.14
MinimumVisualStudioVersion = 10.0.40219.1
Project("{FAE04EC0-301F-11D3-BF4B-00C04F79EFBC}") = "Murmurations", "Murmurations\Murmurations.csproj", "{0BA4FDE1-E1AD-408D-B2A1-F323B51F4A1C}"
EndProject
Global
	GlobalSection(SolutionConfigurationPlatforms) = preSolution
		Debug|Any CPU = Debug|Any CPU
		Debug|x64 = Debug|x64
		Release|Any CPU = Release|Any CPU
		Release|x64 = Release|x64
	EndGlobalSection
	GlobalSection(ProjectConfigurationPlatforms) = postSolution
		{0BA4FDE1-E1AD-408D-B2A1-F323B51F4A1C}.Debug|Any CPU.ActiveCfg = Debug|Any CPU
		{0BA4FDE1-E1AD-408D-B2A1-F323B51F4A1C}.Debug|Any CPU.Build.0 = Debug|Any CPU
		{0BA4FDE1-E1AD-408D-B2A1-F323B51F4A1C}.Debug|x64.ActiveCfg = Debug|x64
		{0BA4FDE1-E1AD-408D-B2A1-F323B51F4A1C}.Debug|x64.Build.0 = Debug|x64
		{0BA4FDE1-E1AD-408D-B2A1-F323B51F4A1C}.Release|Any CPU.ActiveCfg = Release|Any CPU
		{0BA4FDE1-E1AD-408D-B2A1-F323B51F4A1C}.Release|Any CPU.Build.0 = Release|Any CPU
		{0BA4FDE1-E1AD-408D-B2A1-F323B51F4A1C}.Release|x64.ActiveCfg = Release|x64
		{0BA4FDE1-E1AD-408D-B2A1-F323B51F4A1C}.Release|x64.Build.0 = Release|x64
	EndGlobalSection
	GlobalSection(SolutionProperties) = preSolution
		HideSolutionNode = FALSE
	EndGlobalSection
	GlobalSection(ExtensibilityGlobals) = postSolution
		SolutionGuid = {0FFF057C-CF62-4EE5-B44F-4799EB9C06B5}
	EndGlobalSection
EndGlobal
